github.com/davecgh/go-spew v1.1.0 h1:ZDRjVQ15GmhC3fiQ8ni8+OwkZQO4DARzQgrnXU1Liz8=
github.com/davecgh/go-spew v1.1.0/go.mod h1:J7Y8YcW2NihsgmVo/mv3lAwl/skON4iLHjSsI+c5H38=
github.com/edsrzf/mmap-go v1.1.0 h1:6EUwBLQ/Mcr1EYLE4Tn1VdW1A4ckqCQWZBw8Hr0kjpQ=
github.com/edsrzf/mmap-go v1.1.0/go.mod h1:19H/e8pUPLicwkyNgOykDXkJ9F0MHE+Z52B8EIth78Q=
github.com/paulstuart/geo v0.0.0-20220305220534-9c5350d289d3/go.mod h1:q2kwl4aOEdgmA/oPEvq0pAEQsvaTzu8o8xlj+K+AvIM=
github.com/paulstuart/geo v0.0.0-20220410181904-83d5586f49f5 h1:O2eIs8i5aAzyj8LujXWamMq5OXkOdjUmyRAaok4HryM=
github.com/paulstuart/geo v0.0.0-20220410181904-83d5586f49f5/go.mod h1:NvlDf7Jwb7acPh0IofOy88KlmCbkFYtrFxPASDya7aw=
github.com/paulstuart/polygons v0.0.0-20220311073430-12bb66e7d07e h1:WhZqFEvlAAYyUq2w6udA7X28vYqVFoJ8kr+DgX29uAs=
github.com/paulstuart/polygons v0.0.0-20220311073430-12bb66e7d07e/go.mod h1:dfbm6lEgpTrw06YVyaz/FMGVKUO77nW2BGGNC9JDNlc=
github.com/paulstuart/polygons v0.0.0-20220511061739-aa0cd61a5d64 h1:cFF6schn6PkmuGqM/DxrmfZ4vb87Yya8YV23AdRO+jE=
github.com/paulstuart/polygons v0.0.0-20220511061739-aa0cd61a5d64/go.mod h1:2/g+Sdun8eLUKwYzkDzSPWd2hAtNYZse+YGHtz2WGcI=
github.com/paulstuart/rtree v1.4.2-0.20220430215825-ea1b5d015948 h1:JNLSxDnK1U6lGzzCtdMyFb2t1RgDkUug90aWcmH7wGo=
github.com/paulstuart/rtree v1.4.2-0.20220430215825-ea1b5d015948/go.mod h1:xe/8OwGlrPE8B6LVyaK78+XImn6Cr5wggpR5AlSWFRY=
github.com/pmezard/go-difflib v1.0.0 h1:4DBwDE0NGyQoBHbLQYPwSUPoCMWR5BEzIk/f1lZbAQM=
github.com/pmezard/go-difflib v1.0.0/go.mod h1:iKH77koFhYxTK1pcRnkKkqfTogsbg7gZNVY4sRDYZ/4=
github.com/stretchr/objx v0.1.0/go.mod h1:HFkY916IF+rwdDfMAkV7OtwuqBVzrE8GR6GFx+wExME=
github.com/stretchr/testify v1.7.0/go.mod h1:6Fq8oRcR53rry900zMqJjRRixrwX3KX962/h/Wwjteg=
github.com/stretchr/testify v1.7.1 h1:5TQK59W5E3v0r2duFAb7P95B6hEeOyEnHRa8MjYSMTY=
github.com/stretchr/testify v1.7.1/go.mod h1:6Fq8oRcR53rry900zMqJjRRixrwX3KX962/h/Wwjteg=
github.com/tidwall/cities v0.1.0 h1:CVNkmMf7NEC9Bvokf5GoSsArHCKRMTgLuubRTHnH0mE=
github.com/tidwall/cities v0.1.0/go.mod h1:lV/HDp2gCcRcHJWqgt6Di54GiDrTZwh1aG2ZUPNbqa4=
github.com/tidwall/geoindex v1.4.4/go.mod h1:rvVVNEFfkJVWGUdEfU8QaoOg/9zFX0h9ofWzA60mz1I=
github.com/tidwall/geoindex v1.6.1 h1:zGVJiAhHl5ZsPZHMM5HRpgv7Bqw3ZNxbnFRf3pxS1dk=
github.com/tidwall/geoindex v1.6.1/go.mod h1:rvVVNEFfkJVWGUdEfU8QaoOg/9zFX0h9ofWzA60mz1I=
github.com/tidwall/lotsa v1.0.2 h1:dNVBH5MErdaQ/xd9s769R31/n2dXavsQ0Yf4TMEHHw8=
github.com/tidwall/lotsa v1.0.2/go.mod h1:X6NiU+4yHA3fE3Puvpnn1XMDrFZrE9JO2/w+UMuqgR8=
github.com/tidwall/mmap v0.1.0/go.mod h1:eR4pzyCKshcaYK9KAHS/2rlQhr45B35wf2J24lgK30U=
github.com/tidwall/mmap v0.2.1 h1:T/qgSIgJfn+JuJCi6M3pOjBKwpbCWxaKl6MHyWIUxMY=
github.com/tidwall/mmap v0.2.1/go.mod h1:2/dNzF5zA+te/JVHfrqNLcRkb8LjdH3c80vYHFQEZRk=
github.com/tidwall/rtree v1.3.1 h1:xu3vJPKJrmGce7YJcFUCoqLrp9DTUEJBnVgdPSXHgHs=
github.com/tidwall/rtree v1.3.1/go.mod h1:S+JSsqPTI8LfWA4xHBo5eXzie8WJLVFeppAutSegl6M=
github.com/tidwall/rtree v1.5.0 h1:eDnPB3LgFIIC9KftDw95rJHgCanMSzEMQfaNXPushE8=
github.com/tidwall/rtree v1.5.0/go.mod h1:HxXB/rvlFx9sYE/IdgqwxIwlfNHKlQHcsp8JglvS3Gs=
golang.org/x/exp v0.0.0-20220428152302-39d4317da171 h1:TfdoLivD44QwvssI9Sv1xwa5DcL5XQr4au4sZ2F2NV4=
golang.org/x/exp v0.0.0-20220428152302-39d4317da171/go.mod h1:lgLbSvA5ygNOMpwM/9anMpWVlVJ7Z+cHWq/eFuinpGE=
golang.org/x/sys v0.0.0-20211216021012-1d35b9e2eb4e/go.mod h1:oPkhp1MJrh7nUepCBck5+mAzfO9JrbApNNgaTdGDITg=
golang.org/x/sys v0.0.0-20220310020820-b874c991c1a5/go.mod h1:oPkhp1MJrh7nUepCBck5+mAzfO9JrbApNNgaTdGDITg=
golang.org/x/sys v0.0.0-20220429233432-b5fbb4746d32 h1:Js08h5hqB5xyWR789+QqueR6sDE8mk+YvpETZ+F6X9Y=
golang.org/x/sys v0.0.0-20220429233432-b5fbb4746d32/go.mod h1:oPkhp1MJrh7nUepCBck5+mAzfO9JrbApNNgaTdGDITg=
golang.org/x/sys v0.0.0-20220513210249-45d2b4557a2a h1:N2T1jUrTQE9Re6TFF5PhvEHXHCguynGhKjWVsIUt5cY=
golang.org/x/sys v0.0.0-20220513210249-45d2b4557a2a/go.mod h1:oPkhp1MJrh7nUepCBck5+mAzfO9JrbApNNgaTdGDITg=
gopkg.in/check.v1 v0.0.0-20161208181325-20d25e280405 h1:yhCVgyC4o1eVCa2tZl7eS0r+SDo693bJlVdllGtEeKM=
gopkg.in/check.v1 v0.0.0-20161208181325-20d25e280405/go.mod h1:Co6ibVJAznAaIkqp8huTwlJQCZ016jof/cbN4VW5Yz0=
gopkg.in/yaml.v3 v3.0.0-20200313102051-9f266ea9e77c h1:dUUwHk2QECo/6vqA44rthZ8ie2QXMNeKRTHCNY2nXvo=
gopkg.in/yaml.v3 v3.0.0-20200313102051-9f266ea9e77c/go.mod h1:K4uyk7z7BCEPqu6E+C64Yfv1cQ7kz7rIZviUmN+EgEM=
