github.com/davecgh/go-spew v1.1.0 h1:ZDRjVQ15GmhC3fiQ8ni8+OwkZQO4DARzQgrnXU1Liz8=
github.com/davecgh/go-spew v1.1.0/go.mod h1:J7Y8YcW2NihsgmVo/mv3lAwl/skON4iLHjSsI+c5H38=
github.com/edsrzf/mmap-go v1.1.0 h1:6EUwBLQ/Mcr1EYLE4Tn1VdW1A4ckqCQWZBw8Hr0kjpQ=
github.com/edsrzf/mmap-go v1.1.0/go.mod h1:19H/e8pUPLicwkyNgOykDXkJ9F0MHE+Z52B8EIth78Q=
github.com/paulstuart/geo v0.0.0-20220930211948-6bef7ca52968 h1:cCbhQEQDdVOryxl6szo9wvKYu3T/qnpQzj7WBkWLzYc=
github.com/paulstuart/geo v0.0.0-20220930211948-6bef7ca52968/go.mod h1:NvlDf7Jwb7acPh0IofOy88KlmCbkFYtrFxPASDya7aw=
github.com/paulstuart/polygons v0.0.0-20230201015427-38d0c03d465d h1:k/EiwdJqRvvB3b2rFPanzWz3Djrt1dMvTJbqB2I20AQ=
github.com/paulstuart/polygons v0.0.0-20230201015427-38d0c03d465d/go.mod h1:PvreSVj9+DUbk2W8kqEVn+OYuW4HawxjwKNwoud4Kpw=
github.com/paulstuart/rtree v1.4.2-0.20220430215825-ea1b5d015948 h1:JNLSxDnK1U6lGzzCtdMyFb2t1RgDkUug90aWcmH7wGo=
github.com/paulstuart/rtree v1.4.2-0.20220430215825-ea1b5d015948/go.mod h1:xe/8OwGlrPE8B6LVyaK78+XImn6Cr5wggpR5AlSWFRY=
github.com/pmezard/go-difflib v1.0.0 h1:4DBwDE0NGyQoBHbLQYPwSUPoCMWR5BEzIk/f1lZbAQM=
github.com/pmezard/go-difflib v1.0.0/go.mod h1:iKH77koFhYxTK1pcRnkKkqfTogsbg7gZNVY4sRDYZ/4=
github.com/stretchr/objx v0.1.0/go.mod h1:HFkY916IF+rwdDfMAkV7OtwuqBVzrE8GR6GFx+wExME=
github.com/stretchr/testify v1.7.0 h1:nwc3DEeHmmLAfoZucVR881uASk0Mfjw8xYJ99tb5CcY=
github.com/stretchr/testify v1.7.0/go.mod h1:6Fq8oRcR53rry900zMqJjRRixrwX3KX962/h/Wwjteg=
github.com/tidwall/cities v0.1.0 h1:CVNkmMf7NEC9Bvokf5GoSsArHCKRMTgLuubRTHnH0mE=
github.com/tidwall/cities v0.1.0/go.mod h1:lV/HDp2gCcRcHJWqgt6Di54GiDrTZwh1aG2ZUPNbqa4=
github.com/tidwall/geoindex v1.7.0 h1:jtk41sfgwIt8MEDyC3xyKSj75iXXf6rjReJGDNPtR5o=
github.com/tidwall/geoindex v1.7.0/go.mod h1:rvVVNEFfkJVWGUdEfU8QaoOg/9zFX0h9ofWzA60mz1I=
github.com/tidwall/lotsa v1.0.2 h1:dNVBH5MErdaQ/xd9s769R31/n2dXavsQ0Yf4TMEHHw8=
github.com/tidwall/lotsa v1.0.2/go.mod h1:X6NiU+4yHA3fE3Puvpnn1XMDrFZrE9JO2/w+UMuqgR8=
github.com/tidwall/mmap v0.3.0 h1:XXt1YsiXCF5/UAu3pLbu6g7iulJ9jsbs6vt7UpiV0sY=
github.com/tidwall/mmap v0.3.0/go.mod h1:2/dNzF5zA+te/JVHfrqNLcRkb8LjdH3c80vYHFQEZRk=
golang.org/x/exp v0.0.0-20230131160201-f062dba9d201 h1:BEABXpNXLEz0WxtA+6CQIz2xkg80e+1zrhWyMcq8VzE=
golang.org/x/exp v0.0.0-20230131160201-f062dba9d201/go.mod h1:CxIveKay+FTh1D0yPZemJVgC/95VzuuOLq5Qi4xnoYc=
golang.org/x/sys v0.0.0-20211216021012-1d35b9e2eb4e/go.mod h1:oPkhp1MJrh7nUepCBck5+mAzfO9JrbApNNgaTdGDITg=
golang.org/x/sys v0.4.0 h1:Zr2JFtRQNX3BCZ8YtxRE9hNJYC8J6I1MVbMg6owUp18=
golang.org/x/sys v0.4.0/go.mod h1:oPkhp1MJrh7nUepCBck5+mAzfO9JrbApNNgaTdGDITg=
gopkg.in/check.v1 v0.0.0-20161208181325-20d25e280405 h1:yhCVgyC4o1eVCa2tZl7eS0r+SDo693bJlVdllGtEeKM=
gopkg.in/check.v1 v0.0.0-20161208181325-20d25e280405/go.mod h1:Co6ibVJAznAaIkqp8huTwlJQCZ016jof/cbN4VW5Yz0=
gopkg.in/yaml.v3 v3.0.0-20200313102051-9f266ea9e77c h1:dUUwHk2QECo/6vqA44rthZ8ie2QXMNeKRTHCNY2nXvo=
gopkg.in/yaml.v3 v3.0.0-20200313102051-9f266ea9e77c/go.mod h1:K4uyk7z7BCEPqu6E+C64Yfv1cQ7kz7rIZviUmN+EgEM=
